
Microsoft Visual Studio Solution File, Format Version 12.00
# Visual Studio Version 17
VisualStudioVersion = 17.1.32210.238
MinimumVisualStudioVersion = 10.0.40219.1
Project("{FAE04EC0-301F-11D3-BF4B-00C04F79EFBC}") = "FC AP", "FC AP.csproj", "{0B30B92B-B63E-4A20-9AE1-7D7A53FE3D38}"
EndProject
Global
	GlobalSection(SolutionConfigurationPlatforms) = preSolution
		Debug|Any CPU = Debug|Any CPU
		Release|Any CPU = Release|Any CPU
	EndGlobalSection
	GlobalSection(ProjectConfigurationPlatforms) = postSolution
		{0B30B92B-B63E-4A20-9AE1-7D7A53FE3D38}.Debug|Any CPU.ActiveCfg = Debug|Any CPU
		{0B30B92B-B63E-4A20-9AE1-7D7A53FE3D38}.Debug|Any CPU.Build.0 = Debug|Any CPU
		{0B30B92B-B63E-4A20-9AE1-7D7A53FE3D38}.Release|Any CPU.ActiveCfg = Release|Any CPU
		{0B30B92B-B63E-4A20-9AE1-7D7A53FE3D38}.Release|Any CPU.Build.0 = Release|Any CPU
	EndGlobalSection
	GlobalSection(SolutionProperties) = preSolution
		HideSolutionNode = FALSE
	EndGlobalSection
	GlobalSection(ExtensibilityGlobals) = postSolution
		SolutionGuid = {B0E7F4B1-0A2F-47D0-AC50-41AAB814351E}
	EndGlobalSection
EndGlobal
